
Microsoft Visual Studio Solution File, Format Version 12.00
# Visual Studio Version 17
VisualStudioVersion = 17.5.33530.505
MinimumVisualStudioVersion = 10.0.40219.1
Project("{FAE04EC0-301F-11D3-BF4B-00C04F79EFBC}") = "PasswordGenerator", "PasswordGenerator\PasswordGenerator.csproj", "{FEF1983F-2B7F-4B0A-B85F-43AEC3B4111F}"
EndProject
Global
	GlobalSection(SolutionConfigurationPlatforms) = preSolution
		Debug|Any CPU = Debug|Any CPU
		Release|Any CPU = Release|Any CPU
	EndGlobalSection
	GlobalSection(ProjectConfigurationPlatforms) = postSolution
		{FEF1983F-2B7F-4B0A-B85F-43AEC3B4111F}.Debug|Any CPU.ActiveCfg = Debug|Any CPU
		{FEF1983F-2B7F-4B0A-B85F-43AEC3B4111F}.Debug|Any CPU.Build.0 = Debug|Any CPU
		{FEF1983F-2B7F-4B0A-B85F-43AEC3B4111F}.Release|Any CPU.ActiveCfg = Release|Any CPU
		{FEF1983F-2B7F-4B0A-B85F-43AEC3B4111F}.Release|Any CPU.Build.0 = Release|Any CPU
	EndGlobalSection
	GlobalSection(SolutionProperties) = preSolution
		HideSolutionNode = FALSE
	EndGlobalSection
	GlobalSection(ExtensibilityGlobals) = postSolution
		SolutionGuid = {6F6F52AE-D953-4090-A487-0EF9913B88BF}
	EndGlobalSection
EndGlobal
